
Microsoft Visual Studio Solution File, Format Version 12.00
# Visual Studio Version 17
VisualStudioVersion = 17.8.34408.163
MinimumVisualStudioVersion = 10.0.40219.1
Project("{FAE04EC0-301F-11D3-BF4B-00C04F79EFBC}") = "MagyarorszagAdatbazisLetrehozas", "MagyarorszagAdatbazisLetrehozas\MagyarorszagAdatbazisLetrehozas.csproj", "{841E83DA-5FD9-47F3-90A7-2622872628DD}"
EndProject
Global
	GlobalSection(SolutionConfigurationPlatforms) = preSolution
		Debug|Any CPU = Debug|Any CPU
		Release|Any CPU = Release|Any CPU
	EndGlobalSection
	GlobalSection(ProjectConfigurationPlatforms) = postSolution
		{841E83DA-5FD9-47F3-90A7-2622872628DD}.Debug|Any CPU.ActiveCfg = Debug|Any CPU
		{841E83DA-5FD9-47F3-90A7-2622872628DD}.Debug|Any CPU.Build.0 = Debug|Any CPU
		{841E83DA-5FD9-47F3-90A7-2622872628DD}.Release|Any CPU.ActiveCfg = Release|Any CPU
		{841E83DA-5FD9-47F3-90A7-2622872628DD}.Release|Any CPU.Build.0 = Release|Any CPU
	EndGlobalSection
	GlobalSection(SolutionProperties) = preSolution
		HideSolutionNode = FALSE
	EndGlobalSection
	GlobalSection(ExtensibilityGlobals) = postSolution
		SolutionGuid = {244E7901-7B35-4D74-956C-0A5F8FB9A100}
	EndGlobalSection
EndGlobal
